
Microsoft Visual Studio Solution File, Format Version 12.00
# Visual Studio Version 17
VisualStudioVersion = 17.5.2.0
MinimumVisualStudioVersion = 10.0.40219.1
Project("{FAE04EC0-301F-11D3-BF4B-00C04F79EFBC}") = "StrictDocOslcRm", "StrictDocOslcRm\StrictDocOslcRm.csproj", "{BC8E10FF-7538-D548-FAE3-CAFCB7354E3D}"
EndProject
Project("{FAE04EC0-301F-11D3-BF4B-00C04F79EFBC}") = "StrictDocOslcRm.Tests", "StrictDocOslcRm.Tests\StrictDocOslcRm.Tests.csproj", "{A49CAA00-7BC1-408F-BCCA-9EF34F83B528}"
EndProject
Global
	GlobalSection(SolutionConfigurationPlatforms) = preSolution
		Debug|Any CPU = Debug|Any CPU
		Debug|x64 = Debug|x64
		Debug|x86 = Debug|x86
		Release|Any CPU = Release|Any CPU
		Release|x64 = Release|x64
		Release|x86 = Release|x86
	EndGlobalSection
	GlobalSection(ProjectConfigurationPlatforms) = postSolution
		{BC8E10FF-7538-D548-FAE3-CAFCB7354E3D}.Debug|Any CPU.ActiveCfg = Debug|Any CPU
		{BC8E10FF-7538-D548-FAE3-CAFCB7354E3D}.Debug|Any CPU.Build.0 = Debug|Any CPU
		{BC8E10FF-7538-D548-FAE3-CAFCB7354E3D}.Debug|x64.ActiveCfg = Debug|Any CPU
		{BC8E10FF-7538-D548-FAE3-CAFCB7354E3D}.Debug|x64.Build.0 = Debug|Any CPU
		{BC8E10FF-7538-D548-FAE3-CAFCB7354E3D}.Debug|x86.ActiveCfg = Debug|Any CPU
		{BC8E10FF-7538-D548-FAE3-CAFCB7354E3D}.Debug|x86.Build.0 = Debug|Any CPU
		{BC8E10FF-7538-D548-FAE3-CAFCB7354E3D}.Release|Any CPU.ActiveCfg = Release|Any CPU
		{BC8E10FF-7538-D548-FAE3-CAFCB7354E3D}.Release|Any CPU.Build.0 = Release|Any CPU
		{BC8E10FF-7538-D548-FAE3-CAFCB7354E3D}.Release|x64.ActiveCfg = Release|Any CPU
		{BC8E10FF-7538-D548-FAE3-CAFCB7354E3D}.Release|x64.Build.0 = Release|Any CPU
		{BC8E10FF-7538-D548-FAE3-CAFCB7354E3D}.Release|x86.ActiveCfg = Release|Any CPU
		{BC8E10FF-7538-D548-FAE3-CAFCB7354E3D}.Release|x86.Build.0 = Release|Any CPU
		{A49CAA00-7BC1-408F-BCCA-9EF34F83B528}.Debug|Any CPU.ActiveCfg = Debug|Any CPU
		{A49CAA00-7BC1-408F-BCCA-9EF34F83B528}.Debug|Any CPU.Build.0 = Debug|Any CPU
		{A49CAA00-7BC1-408F-BCCA-9EF34F83B528}.Debug|x64.ActiveCfg = Debug|Any CPU
		{A49CAA00-7BC1-408F-BCCA-9EF34F83B528}.Debug|x64.Build.0 = Debug|Any CPU
		{A49CAA00-7BC1-408F-BCCA-9EF34F83B528}.Debug|x86.ActiveCfg = Debug|Any CPU
		{A49CAA00-7BC1-408F-BCCA-9EF34F83B528}.Debug|x86.Build.0 = Debug|Any CPU
		{A49CAA00-7BC1-408F-BCCA-9EF34F83B528}.Release|Any CPU.ActiveCfg = Release|Any CPU
		{A49CAA00-7BC1-408F-BCCA-9EF34F83B528}.Release|Any CPU.Build.0 = Release|Any CPU
		{A49CAA00-7BC1-408F-BCCA-9EF34F83B528}.Release|x64.ActiveCfg = Release|Any CPU
		{A49CAA00-7BC1-408F-BCCA-9EF34F83B528}.Release|x64.Build.0 = Release|Any CPU
		{A49CAA00-7BC1-408F-BCCA-9EF34F83B528}.Release|x86.ActiveCfg = Release|Any CPU
		{A49CAA00-7BC1-408F-BCCA-9EF34F83B528}.Release|x86.Build.0 = Release|Any CPU
	EndGlobalSection
	GlobalSection(SolutionProperties) = preSolution
		HideSolutionNode = FALSE
	EndGlobalSection
	GlobalSection(ExtensibilityGlobals) = postSolution
		SolutionGuid = {16BB18EC-594A-423A-A4E4-9631D72E0690}
	EndGlobalSection
EndGlobal
